
Microsoft Visual Studio Solution File, Format Version 12.00
# Visual Studio 15
VisualStudioVersion = 15.0.27703.2035
MinimumVisualStudioVersion = 10.0.40219.1
Project("{9A19103F-16F7-4668-BE54-9A1E7A4F7556}") = "kymiraAPI", "kymiraAPI\kymiraAPI.csproj", "{437060E6-ED6E-4BF6-A333-406AD7D93A3E}"
EndProject
Project("{9A19103F-16F7-4668-BE54-9A1E7A4F7556}") = "kymiraAPITest", "kymiraAPITest\kymiraAPITest.csproj", "{679B2CFA-6E50-4D5D-AC25-9EFECCB350FA}"
EndProject
Project("{FAE04EC0-301F-11D3-BF4B-00C04F79EFBC}") = "KymiraApplication", "KymiraApplication\KymiraApplication.csproj", "{07272096-7498-4F50-B9FC-AA5202BDA99D}"
EndProject
Project("{FAE04EC0-301F-11D3-BF4B-00C04F79EFBC}") = "KymiraApplicationTests", "KymiraApplicationTests\KymiraApplicationTests.csproj", "{61AD6B23-DE68-4873-BE47-44CC49DE7D9B}"
EndProject
Project("{FAE04EC0-301F-11D3-BF4B-00C04F79EFBC}") = "KymiraApplicationTests.Android", "KymiraApplicationTests\KymiraApplicationTests.Android\KymiraApplicationTests.Android.csproj", "{BD0F1C91-C1B6-403E-AC81-A52125D77C80}"
EndProject
Project("{D954291E-2A0B-460D-934E-DC6B0785DB48}") = "KymiraApplicationTests", "KymiraApplicationTests\KymiraApplicationTests\KymiraApplicationTests.shproj", "{968BC480-F076-4B1C-84FB-F58D0D58716F}"
EndProject
Global
	GlobalSection(SharedMSBuildProjectFiles) = preSolution
		KymiraApplicationTests\KymiraApplicationTests\KymiraApplicationTests.projitems*{968bc480-f076-4b1c-84fb-f58d0d58716f}*SharedItemsImports = 13
		KymiraApplicationTests\KymiraApplicationTests\KymiraApplicationTests.projitems*{bd0f1c91-c1b6-403e-ac81-a52125d77c80}*SharedItemsImports = 4
	EndGlobalSection
	GlobalSection(SolutionConfigurationPlatforms) = preSolution
		Debug|Any CPU = Debug|Any CPU
		Release|Any CPU = Release|Any CPU
	EndGlobalSection
	GlobalSection(ProjectConfigurationPlatforms) = postSolution
		{437060E6-ED6E-4BF6-A333-406AD7D93A3E}.Debug|Any CPU.ActiveCfg = Debug|Any CPU
		{437060E6-ED6E-4BF6-A333-406AD7D93A3E}.Debug|Any CPU.Build.0 = Debug|Any CPU
		{437060E6-ED6E-4BF6-A333-406AD7D93A3E}.Release|Any CPU.ActiveCfg = Release|Any CPU
		{437060E6-ED6E-4BF6-A333-406AD7D93A3E}.Release|Any CPU.Build.0 = Release|Any CPU
		{679B2CFA-6E50-4D5D-AC25-9EFECCB350FA}.Debug|Any CPU.ActiveCfg = Debug|Any CPU
		{679B2CFA-6E50-4D5D-AC25-9EFECCB350FA}.Debug|Any CPU.Build.0 = Debug|Any CPU
		{679B2CFA-6E50-4D5D-AC25-9EFECCB350FA}.Release|Any CPU.ActiveCfg = Release|Any CPU
		{679B2CFA-6E50-4D5D-AC25-9EFECCB350FA}.Release|Any CPU.Build.0 = Release|Any CPU
		{07272096-7498-4F50-B9FC-AA5202BDA99D}.Debug|Any CPU.ActiveCfg = Debug|Any CPU
		{07272096-7498-4F50-B9FC-AA5202BDA99D}.Debug|Any CPU.Build.0 = Debug|Any CPU
		{07272096-7498-4F50-B9FC-AA5202BDA99D}.Debug|Any CPU.Deploy.0 = Debug|Any CPU
		{07272096-7498-4F50-B9FC-AA5202BDA99D}.Release|Any CPU.ActiveCfg = Release|Any CPU
		{07272096-7498-4F50-B9FC-AA5202BDA99D}.Release|Any CPU.Build.0 = Release|Any CPU
		{07272096-7498-4F50-B9FC-AA5202BDA99D}.Release|Any CPU.Deploy.0 = Release|Any CPU
		{61AD6B23-DE68-4873-BE47-44CC49DE7D9B}.Debug|Any CPU.ActiveCfg = Debug|Any CPU
		{61AD6B23-DE68-4873-BE47-44CC49DE7D9B}.Debug|Any CPU.Build.0 = Debug|Any CPU
		{61AD6B23-DE68-4873-BE47-44CC49DE7D9B}.Release|Any CPU.ActiveCfg = Release|Any CPU
		{61AD6B23-DE68-4873-BE47-44CC49DE7D9B}.Release|Any CPU.Build.0 = Release|Any CPU
	EndGlobalSection
	GlobalSection(SolutionProperties) = preSolution
		HideSolutionNode = FALSE
	EndGlobalSection
	GlobalSection(ExtensibilityGlobals) = postSolution
		SolutionGuid = {6EC17CE6-8407-416E-A6D2-6CFBFDADFF9A}
	EndGlobalSection
EndGlobal
