
Microsoft Visual Studio Solution File, Format Version 12.00
# Visual Studio 15
VisualStudioVersion = 15.0.27703.2035
MinimumVisualStudioVersion = 10.0.40219.1
Project("{9A19103F-16F7-4668-BE54-9A1E7A4F7556}") = "kymiraAPI", "kymiraAPI\kymiraAPI.csproj", "{437060E6-ED6E-4BF6-A333-406AD7D93A3E}"
EndProject
Project("{9A19103F-16F7-4668-BE54-9A1E7A4F7556}") = "kymiraAPITest", "kymiraAPITest\kymiraAPITest.csproj", "{80FC52CE-7F11-4186-AD68-052FC1208466}"
EndProject
Project("{FAE04EC0-301F-11D3-BF4B-00C04F79EFBC}") = "kymiraAppTest", "kymiraAppTest\kymiraAppTest.csproj", "{B19C892E-2628-4CA7-AD27-08D406A3B14B}"
EndProject
Project("{FAE04EC0-301F-11D3-BF4B-00C04F79EFBC}") = "KymiraApplication", "KymiraApplication\KymiraApplication.csproj", "{07272096-7498-4F50-B9FC-AA5202BDA99D}"
EndProject
Project("{FAE04EC0-301F-11D3-BF4B-00C04F79EFBC}") = "KymiraApplicationTests", "KymiraApplicationTests\KymiraApplicationTests.csproj", "{61AD6B23-DE68-4873-BE47-44CC49DE7D9B}"
EndProject
Global
	GlobalSection(SolutionConfigurationPlatforms) = preSolution
		Debug|Any CPU = Debug|Any CPU
		Release|Any CPU = Release|Any CPU
	EndGlobalSection
	GlobalSection(ProjectConfigurationPlatforms) = postSolution
		{437060E6-ED6E-4BF6-A333-406AD7D93A3E}.Debug|Any CPU.ActiveCfg = Debug|Any CPU
		{437060E6-ED6E-4BF6-A333-406AD7D93A3E}.Debug|Any CPU.Build.0 = Debug|Any CPU
		{437060E6-ED6E-4BF6-A333-406AD7D93A3E}.Release|Any CPU.ActiveCfg = Release|Any CPU
		{437060E6-ED6E-4BF6-A333-406AD7D93A3E}.Release|Any CPU.Build.0 = Release|Any CPU
		{80FC52CE-7F11-4186-AD68-052FC1208466}.Debug|Any CPU.ActiveCfg = Debug|Any CPU
		{80FC52CE-7F11-4186-AD68-052FC1208466}.Debug|Any CPU.Build.0 = Debug|Any CPU
		{80FC52CE-7F11-4186-AD68-052FC1208466}.Release|Any CPU.ActiveCfg = Release|Any CPU
		{80FC52CE-7F11-4186-AD68-052FC1208466}.Release|Any CPU.Build.0 = Release|Any CPU
		{B19C892E-2628-4CA7-AD27-08D406A3B14B}.Debug|Any CPU.ActiveCfg = Debug|Any CPU
		{B19C892E-2628-4CA7-AD27-08D406A3B14B}.Debug|Any CPU.Build.0 = Debug|Any CPU
		{B19C892E-2628-4CA7-AD27-08D406A3B14B}.Release|Any CPU.ActiveCfg = Release|Any CPU
		{B19C892E-2628-4CA7-AD27-08D406A3B14B}.Release|Any CPU.Build.0 = Release|Any CPU
		{07272096-7498-4F50-B9FC-AA5202BDA99D}.Debug|Any CPU.ActiveCfg = Debug|Any CPU
		{07272096-7498-4F50-B9FC-AA5202BDA99D}.Debug|Any CPU.Build.0 = Debug|Any CPU
		{07272096-7498-4F50-B9FC-AA5202BDA99D}.Debug|Any CPU.Deploy.0 = Debug|Any CPU
		{07272096-7498-4F50-B9FC-AA5202BDA99D}.Release|Any CPU.ActiveCfg = Release|Any CPU
		{07272096-7498-4F50-B9FC-AA5202BDA99D}.Release|Any CPU.Build.0 = Release|Any CPU
		{07272096-7498-4F50-B9FC-AA5202BDA99D}.Release|Any CPU.Deploy.0 = Release|Any CPU
		{61AD6B23-DE68-4873-BE47-44CC49DE7D9B}.Debug|Any CPU.ActiveCfg = Debug|Any CPU
		{61AD6B23-DE68-4873-BE47-44CC49DE7D9B}.Debug|Any CPU.Build.0 = Debug|Any CPU
		{61AD6B23-DE68-4873-BE47-44CC49DE7D9B}.Release|Any CPU.ActiveCfg = Release|Any CPU
		{61AD6B23-DE68-4873-BE47-44CC49DE7D9B}.Release|Any CPU.Build.0 = Release|Any CPU
	EndGlobalSection
	GlobalSection(SolutionProperties) = preSolution
		HideSolutionNode = FALSE
	EndGlobalSection
	GlobalSection(ExtensibilityGlobals) = postSolution
		SolutionGuid = {6EC17CE6-8407-416E-A6D2-6CFBFDADFF9A}
	EndGlobalSection
EndGlobal
