
Microsoft Visual Studio Solution File, Format Version 12.00
# Visual Studio 15
VisualStudioVersion = 15.0.27703.2035
MinimumVisualStudioVersion = 10.0.40219.1
Project("{9A19103F-16F7-4668-BE54-9A1E7A4F7556}") = "kymiraAPI", "kymiraAPI\kymiraAPI.csproj", "{437060E6-ED6E-4BF6-A333-406AD7D93A3E}"
EndProject
EndProject
Global
	GlobalSection(SolutionConfigurationPlatforms) = preSolution
		Debug|Any CPU = Debug|Any CPU
		Release|Any CPU = Release|Any CPU
	EndGlobalSection
	GlobalSection(ProjectConfigurationPlatforms) = postSolution
		{437060E6-ED6E-4BF6-A333-406AD7D93A3E}.Debug|Any CPU.ActiveCfg = Debug|Any CPU
		{437060E6-ED6E-4BF6-A333-406AD7D93A3E}.Debug|Any CPU.Build.0 = Debug|Any CPU
		{437060E6-ED6E-4BF6-A333-406AD7D93A3E}.Release|Any CPU.ActiveCfg = Release|Any CPU
		{437060E6-ED6E-4BF6-A333-406AD7D93A3E}.Release|Any CPU.Build.0 = Release|Any CPU
		{80FC52CE-7F11-4186-AD68-052FC1208466}.Debug|Any CPU.ActiveCfg = Debug|Any CPU
		{80FC52CE-7F11-4186-AD68-052FC1208466}.Debug|Any CPU.Build.0 = Debug|Any CPU
		{80FC52CE-7F11-4186-AD68-052FC1208466}.Release|Any CPU.ActiveCfg = Release|Any CPU
		{80FC52CE-7F11-4186-AD68-052FC1208466}.Release|Any CPU.Build.0 = Release|Any CPU
	EndGlobalSection
	GlobalSection(SolutionProperties) = preSolution
		HideSolutionNode = FALSE
	EndGlobalSection
	GlobalSection(ExtensibilityGlobals) = postSolution
		SolutionGuid = {6EC17CE6-8407-416E-A6D2-6CFBFDADFF9A}
	EndGlobalSection
EndGlobal
